
Microsoft Visual Studio Solution File, Format Version 12.00
# Visual Studio Version 17
VisualStudioVersion = 17.6.33723.286
MinimumVisualStudioVersion = 10.0.40219.1
Project("{2150E333-8FDC-42A3-9474-1A3956D46DE8}") = "src", "src", "{421CF14E-93AB-4E96-A8B7-D349A3C704D3}"
EndProject
Project("{2150E333-8FDC-42A3-9474-1A3956D46DE8}") = "test", "test", "{07FCAC0E-6FA9-4148-B098-D1149B6A3815}"
EndProject
Project("{9A19103F-16F7-4668-BE54-9A1E7A4F7556}") = "ExpressionDataBinder", "src\ExpressionDataBinder\ExpressionDataBinder.csproj", "{DD5542BD-DFD5-43C1-951D-411E5D584514}"
EndProject
Project("{FAE04EC0-301F-11D3-BF4B-00C04F79EFBC}") = "ExpressionDataBinderTest", "test\ExpressionDataBinderTest\ExpressionDataBinderTest.csproj", "{8EF94155-FBD3-453F-B1F0-BD6E1393BD00}"
EndProject
Global
	GlobalSection(SolutionConfigurationPlatforms) = preSolution
		Debug|Any CPU = Debug|Any CPU
		Release|Any CPU = Release|Any CPU
	EndGlobalSection
	GlobalSection(ProjectConfigurationPlatforms) = postSolution
		{DD5542BD-DFD5-43C1-951D-411E5D584514}.Debug|Any CPU.ActiveCfg = Debug|Any CPU
		{DD5542BD-DFD5-43C1-951D-411E5D584514}.Debug|Any CPU.Build.0 = Debug|Any CPU
		{DD5542BD-DFD5-43C1-951D-411E5D584514}.Release|Any CPU.ActiveCfg = Release|Any CPU
		{DD5542BD-DFD5-43C1-951D-411E5D584514}.Release|Any CPU.Build.0 = Release|Any CPU
		{8EF94155-FBD3-453F-B1F0-BD6E1393BD00}.Debug|Any CPU.ActiveCfg = Debug|Any CPU
		{8EF94155-FBD3-453F-B1F0-BD6E1393BD00}.Debug|Any CPU.Build.0 = Debug|Any CPU
		{8EF94155-FBD3-453F-B1F0-BD6E1393BD00}.Release|Any CPU.ActiveCfg = Release|Any CPU
		{8EF94155-FBD3-453F-B1F0-BD6E1393BD00}.Release|Any CPU.Build.0 = Release|Any CPU
	EndGlobalSection
	GlobalSection(SolutionProperties) = preSolution
		HideSolutionNode = FALSE
	EndGlobalSection
	GlobalSection(NestedProjects) = preSolution
		{DD5542BD-DFD5-43C1-951D-411E5D584514} = {421CF14E-93AB-4E96-A8B7-D349A3C704D3}
		{8EF94155-FBD3-453F-B1F0-BD6E1393BD00} = {07FCAC0E-6FA9-4148-B098-D1149B6A3815}
	EndGlobalSection
	GlobalSection(ExtensibilityGlobals) = postSolution
		SolutionGuid = {06DFD939-A4E2-4FEB-91DA-5D7B68AE1835}
	EndGlobalSection
EndGlobal
